<?xml version="1.0" encoding="UTF-8" standalone="yes" ?>
<CodeBlocks_project_file>
	<FileVersion major="1" minor="6" />
	<Project>
		<Option title="gz" />
		<Option makefile="makefile" />
		<Option makefile_is_custom="1" />
		<Option pch_mode="2" />
		<Option compiler="n64-slim" />
		<Option extended_obj_names="1" />
		<MakeCommands>
			<Build command="" />
			<CompileFile command="" />
			<Clean command="" />
			<DistClean command="" />
			<AskRebuildNeeded command="" />
			<SilentBuild command=" &gt; $(CMD_NULL)" />
		</MakeCommands>
		<Build>
			<Target title="gz-oot-1.0-lua">
				<Option output="bin/gz/oot-1.0/gz.bin" imp_lib="$(TARGET_OUTPUT_DIR)$(TARGET_OUTPUT_BASENAME).a" def_file="$(TARGET_OUTPUT_DIR)$(TARGET_OUTPUT_BASENAME).def" prefix_auto="0" extension_auto="0" />
				<Option working_dir="$(EMUDIR)" />
				<Option object_output="obj" />
				<Option type="3" />
				<Option compiler="n64-slim" />
				<Option host_application='$(EMUNAME)&quot; $(emuarg) &quot;$(emurom)' />
				<Option run_host_application_in_terminal="0" />
				<Environment>
					<Variable name="emuarg" value='--load-state=&quot;N64\State\oot-1.0-test.State&quot;' />
					<Variable name="emurom" value="..\n64\roms\oot-1.0-j.z64" />
				</Environment>
			</Target>
			<Target title="gz-oot-1.1-lua">
				<Option output="bin/gz/oot-1.1/gz.bin" imp_lib="$(TARGET_OUTPUT_DIR)$(TARGET_OUTPUT_BASENAME).a" def_file="$(TARGET_OUTPUT_DIR)$(TARGET_OUTPUT_BASENAME).def" prefix_auto="0" extension_auto="0" />
				<Option working_dir="$(EMUDIR)" />
				<Option object_output="obj" />
				<Option type="3" />
				<Option compiler="n64-slim" />
				<Option host_application='$(EMUNAME)&quot; $(emuarg) &quot;$(emurom)' />
				<Option run_host_application_in_terminal="0" />
				<Environment>
					<Variable name="emuarg" value='--load-state=&quot;N64\State\oot-1.1-test.State&quot;' />
					<Variable name="emurom" value="..\n64\roms\oot-1.1-j.z64" />
				</Environment>
			</Target>
			<Target title="gz-oot-1.2-lua">
				<Option output="bin/gz/oot-1.2/gz.bin" imp_lib="$(TARGET_OUTPUT_DIR)$(TARGET_OUTPUT_BASENAME).a" def_file="$(TARGET_OUTPUT_DIR)$(TARGET_OUTPUT_BASENAME).def" prefix_auto="0" extension_auto="0" />
				<Option working_dir="$(EMUDIR)" />
				<Option object_output="obj" />
				<Option type="3" />
				<Option compiler="n64-slim" />
				<Option host_application='$(EMUNAME)&quot; $(emuarg) &quot;$(emurom)' />
				<Option run_host_application_in_terminal="0" />
				<Environment>
					<Variable name="emuarg" value='--load-state=&quot;N64\State\oot-1.2-test.State&quot;' />
					<Variable name="emurom" value="..\n64\roms\oot-1.2-j.z64" />
				</Environment>
			</Target>
		</Build>
		<Unit filename="src/gz/explorer.c">
			<Option compilerVar="CC" />
		</Unit>
		<Unit filename="src/gz/explorer.h" />
		<Unit filename="src/gz/gfx.c">
			<Option compilerVar="CC" />
		</Unit>
		<Unit filename="src/gz/gfx.h" />
		<Unit filename="src/gz/gu.c">
			<Option compilerVar="CC" />
		</Unit>
		<Unit filename="src/gz/gu.h" />
		<Unit filename="src/gz/gz.c">
			<Option compilerVar="CC" />
		</Unit>
		<Unit filename="src/gz/menu.c">
			<Option compilerVar="CC" />
		</Unit>
		<Unit filename="src/gz/menu.h" />
		<Unit filename="src/gz/menu_button.c">
			<Option compilerVar="CC" />
		</Unit>
		<Unit filename="src/gz/menu_intinput.c">
			<Option compilerVar="CC" />
		</Unit>
		<Unit filename="src/gz/menu_option.c">
			<Option compilerVar="CC" />
		</Unit>
		<Unit filename="src/gz/menu_submenu.c">
			<Option compilerVar="CC" />
		</Unit>
		<Unit filename="src/gz/menu_switch.c">
			<Option compilerVar="CC" />
		</Unit>
		<Unit filename="src/gz/menu_userwatch.c">
			<Option compilerVar="CC" />
		</Unit>
		<Unit filename="src/gz/menu_watch.c">
			<Option compilerVar="CC" />
		</Unit>
		<Unit filename="src/gz/menu_watchlist.c">
			<Option compilerVar="CC" />
		</Unit>
		<Unit filename="src/gz/resource.c">
			<Option compilerVar="CC" />
		</Unit>
		<Unit filename="src/gz/resource.h" />
		<Unit filename="src/gz/z64.h" />
		<Unit filename="src/gz/zu.c">
			<Option compilerVar="CC" />
		</Unit>
		<Unit filename="src/gz/zu.h" />
		<Unit filename="src/gz/zu_scenes.c">
			<Option compilerVar="CC" />
		</Unit>
		<Extensions>
			<code_completion />
			<debugger />
		</Extensions>
	</Project>
</CodeBlocks_project_file>
